
Microsoft Visual Studio Solution File, Format Version 12.00
Project("{FAE04EC0-301F-11D3-BF4B-00C04F79EFBC}") = "01.HelloWorld", "01.HelloWorld\01.HelloWorld.csproj", "{791DB2B3-88E9-4876-937F-CBF3333E0155}"
EndProject
Project("{FAE04EC0-301F-11D3-BF4B-00C04F79EFBC}") = "Day250312_1", "Day250312_1\Day250312_1.csproj", "{3731AB0C-CB6A-4E17-B4AE-639EDBCCA39F}"
EndProject
Project("{FAE04EC0-301F-11D3-BF4B-00C04F79EFBC}") = "Day250312_2", "Day250312_2\Day250312_2.csproj", "{75182809-2671-45A1-A7EA-05FE20B765F4}"
EndProject
Project("{FAE04EC0-301F-11D3-BF4B-00C04F79EFBC}") = "Day250312_3", "Day250312_3\Day250312_3.csproj", "{C9A7B9D3-5DF9-479C-A080-9F723F0350BB}"
EndProject
Project("{FAE04EC0-301F-11D3-BF4B-00C04F79EFBC}") = "Day250313_1", "Day250313_1\Day250313_1.csproj", "{6DDF8D75-1116-4029-88D9-B5E2D431E5C0}"
EndProject
Project("{FAE04EC0-301F-11D3-BF4B-00C04F79EFBC}") = "Day250313_2", "Day250313_2\Day250313_2.csproj", "{1B1B7C5C-E7EB-4D78-A342-9D8D46642A2A}"
EndProject
Project("{FAE04EC0-301F-11D3-BF4B-00C04F79EFBC}") = "Day250313_3", "Day250313_3\Day250313_3.csproj", "{5D518591-7AA1-4DFA-AC66-169B57251AFB}"
EndProject
Project("{FAE04EC0-301F-11D3-BF4B-00C04F79EFBC}") = "Day250314_1", "Day250314_1\Day250314_1.csproj", "{48927B67-CA36-4870-A143-44BFFB1F22AB}"
EndProject
Project("{FAE04EC0-301F-11D3-BF4B-00C04F79EFBC}") = "Day250314_2", "Day250314_2\Day250314_2.csproj", "{3C36C806-2E45-4DA4-8C86-ECF5C2C1151D}"
EndProject
Project("{FAE04EC0-301F-11D3-BF4B-00C04F79EFBC}") = "Day250317_1", "Day250317_1\Day250317_1.csproj", "{A3AA1A20-6D79-475E-94F9-3ECDF5366915}"
EndProject
Project("{FAE04EC0-301F-11D3-BF4B-00C04F79EFBC}") = "Day250317_2", "Day250317_2\Day250317_2.csproj", "{053FC329-BC5C-48AE-BA64-E7CC8AD1769D}"
EndProject
Project("{FAE04EC0-301F-11D3-BF4B-00C04F79EFBC}") = "Day250317_3", "Day250317_3\Day250317_3.csproj", "{7827F971-ED39-4FFA-ABBD-4B6592B3478A}"
EndProject
Project("{FAE04EC0-301F-11D3-BF4B-00C04F79EFBC}") = "Day250317_4", "Day250317_4\Day250317_4.csproj", "{50DCFAE0-093B-4B73-B097-DB0D8B3B0E7E}"
EndProject
Project("{FAE04EC0-301F-11D3-BF4B-00C04F79EFBC}") = "Day250318_1", "Day250318_1\Day250318_1.csproj", "{05208CE8-ACA0-49D5-9E51-BADF6D73B499}"
EndProject
Project("{FAE04EC0-301F-11D3-BF4B-00C04F79EFBC}") = "10. Project_S", "10. Project_S\10. Project_S.csproj", "{7773E0CA-4150-43A2-A092-42C005FC6BC3}"
EndProject
Project("{FAE04EC0-301F-11D3-BF4B-00C04F79EFBC}") = "Day250319_DigimonTextRpg", "Day250319_DigimonTextRpg\Day250319_DigimonTextRpg.csproj", "{19539A52-0306-4EEA-A103-9672308FE47E}"
EndProject
Project("{FAE04EC0-301F-11D3-BF4B-00C04F79EFBC}") = "09.ProjectSokoban", "09.ProjectSokoban\09.ProjectSokoban.csproj", "{F909DE36-4094-4F79-AD85-C85C07DFFE77}"
EndProject
Project("{FAE04EC0-301F-11D3-BF4B-00C04F79EFBC}") = "Day240324_1", "Day240324_1\Day240324_1.csproj", "{7B95F246-E2D6-4B7B-AB94-09E09BFA1ABA}"
EndProject
Project("{FAE04EC0-301F-11D3-BF4B-00C04F79EFBC}") = "Day250324_2_team", "Day250324_2_team\Day250324_2_team.csproj", "{EE26A284-F721-4941-93BC-1EB3F1685A71}"
EndProject
Project("{FAE04EC0-301F-11D3-BF4B-00C04F79EFBC}") = "Day250324_training", "Day250324_training\Day250324_training.csproj", "{47E49A5D-1F4F-4B08-8D8B-AD2EF6526F0C}"
EndProject
Project("{FAE04EC0-301F-11D3-BF4B-00C04F79EFBC}") = "Day250325_1", "Day250325_1\Day250325_1.csproj", "{91C59BC0-6CFB-40C4-AEBB-DBB38F359C8C}"
EndProject
Project("{FAE04EC0-301F-11D3-BF4B-00C04F79EFBC}") = "Day250325_pokemon_team", "Day250325_pokemon_team\Day250325_pokemon_team.csproj", "{F522A05A-933F-4443-B852-BB6D9B884D44}"
EndProject
Project("{FAE04EC0-301F-11D3-BF4B-00C04F79EFBC}") = "Day250326_team", "Day250326_team\Day250326_team.csproj", "{D5B2D1BA-DCE7-439F-9A7A-2AAA2DFEADAB}"
EndProject
Project("{FAE04EC0-301F-11D3-BF4B-00C04F79EFBC}") = "Day250325_training", "Day250325_training\Day250325_training.csproj", "{AEDA9A38-02A5-4C98-930B-32EA220DE390}"
EndProject
Project("{FAE04EC0-301F-11D3-BF4B-00C04F79EFBC}") = "Day250327_1", "Day250327_1\Day250327_1.csproj", "{19AC2136-EBD2-4DDF-8929-E39A21618AAB}"
EndProject
Project("{FAE04EC0-301F-11D3-BF4B-00C04F79EFBC}") = "Day250327_team", "Day250327_team\Day250327_team.csproj", "{1F825109-E312-4624-8401-B93D61CD7C9E}"
EndProject
Project("{FAE04EC0-301F-11D3-BF4B-00C04F79EFBC}") = "Day250327_team_alone", "Day250327_team_alone\Day250327_team_alone.csproj", "{C1B245BF-7506-42F5-BE88-B6A1D5B8377A}"
EndProject
Project("{FAE04EC0-301F-11D3-BF4B-00C04F79EFBC}") = "DataStructure", "DataStructure\DataStructure.csproj", "{31D174DE-8517-4FCE-B68B-5BB8271A40ED}"
EndProject
Project("{FAE04EC0-301F-11D3-BF4B-00C04F79EFBC}") = "Day250328", "Day250328\Day250328.csproj", "{4810BA1D-7170-4EF6-805E-94F565506D96}"
EndProject
Project("{FAE04EC0-301F-11D3-BF4B-00C04F79EFBC}") = "Day250331", "Day250331\Day250331.csproj", "{EBFE26BE-C301-44F6-976C-8B0D8DB13B28}"
EndProject
Global
	GlobalSection(SolutionConfigurationPlatforms) = preSolution
		Debug|Any CPU = Debug|Any CPU
		Release|Any CPU = Release|Any CPU
	EndGlobalSection
	GlobalSection(ProjectConfigurationPlatforms) = postSolution
		{791DB2B3-88E9-4876-937F-CBF3333E0155}.Debug|Any CPU.ActiveCfg = Debug|Any CPU
		{791DB2B3-88E9-4876-937F-CBF3333E0155}.Debug|Any CPU.Build.0 = Debug|Any CPU
		{791DB2B3-88E9-4876-937F-CBF3333E0155}.Release|Any CPU.ActiveCfg = Release|Any CPU
		{791DB2B3-88E9-4876-937F-CBF3333E0155}.Release|Any CPU.Build.0 = Release|Any CPU
		{3731AB0C-CB6A-4E17-B4AE-639EDBCCA39F}.Debug|Any CPU.ActiveCfg = Debug|Any CPU
		{3731AB0C-CB6A-4E17-B4AE-639EDBCCA39F}.Debug|Any CPU.Build.0 = Debug|Any CPU
		{3731AB0C-CB6A-4E17-B4AE-639EDBCCA39F}.Release|Any CPU.ActiveCfg = Release|Any CPU
		{3731AB0C-CB6A-4E17-B4AE-639EDBCCA39F}.Release|Any CPU.Build.0 = Release|Any CPU
		{75182809-2671-45A1-A7EA-05FE20B765F4}.Debug|Any CPU.ActiveCfg = Debug|Any CPU
		{75182809-2671-45A1-A7EA-05FE20B765F4}.Debug|Any CPU.Build.0 = Debug|Any CPU
		{75182809-2671-45A1-A7EA-05FE20B765F4}.Release|Any CPU.ActiveCfg = Release|Any CPU
		{75182809-2671-45A1-A7EA-05FE20B765F4}.Release|Any CPU.Build.0 = Release|Any CPU
		{C9A7B9D3-5DF9-479C-A080-9F723F0350BB}.Debug|Any CPU.ActiveCfg = Debug|Any CPU
		{C9A7B9D3-5DF9-479C-A080-9F723F0350BB}.Debug|Any CPU.Build.0 = Debug|Any CPU
		{C9A7B9D3-5DF9-479C-A080-9F723F0350BB}.Release|Any CPU.ActiveCfg = Release|Any CPU
		{C9A7B9D3-5DF9-479C-A080-9F723F0350BB}.Release|Any CPU.Build.0 = Release|Any CPU
		{6DDF8D75-1116-4029-88D9-B5E2D431E5C0}.Debug|Any CPU.ActiveCfg = Debug|Any CPU
		{6DDF8D75-1116-4029-88D9-B5E2D431E5C0}.Debug|Any CPU.Build.0 = Debug|Any CPU
		{6DDF8D75-1116-4029-88D9-B5E2D431E5C0}.Release|Any CPU.ActiveCfg = Release|Any CPU
		{6DDF8D75-1116-4029-88D9-B5E2D431E5C0}.Release|Any CPU.Build.0 = Release|Any CPU
		{1B1B7C5C-E7EB-4D78-A342-9D8D46642A2A}.Debug|Any CPU.ActiveCfg = Debug|Any CPU
		{1B1B7C5C-E7EB-4D78-A342-9D8D46642A2A}.Debug|Any CPU.Build.0 = Debug|Any CPU
		{1B1B7C5C-E7EB-4D78-A342-9D8D46642A2A}.Release|Any CPU.ActiveCfg = Release|Any CPU
		{1B1B7C5C-E7EB-4D78-A342-9D8D46642A2A}.Release|Any CPU.Build.0 = Release|Any CPU
		{5D518591-7AA1-4DFA-AC66-169B57251AFB}.Debug|Any CPU.ActiveCfg = Debug|Any CPU
		{5D518591-7AA1-4DFA-AC66-169B57251AFB}.Debug|Any CPU.Build.0 = Debug|Any CPU
		{5D518591-7AA1-4DFA-AC66-169B57251AFB}.Release|Any CPU.ActiveCfg = Release|Any CPU
		{5D518591-7AA1-4DFA-AC66-169B57251AFB}.Release|Any CPU.Build.0 = Release|Any CPU
		{48927B67-CA36-4870-A143-44BFFB1F22AB}.Debug|Any CPU.ActiveCfg = Debug|Any CPU
		{48927B67-CA36-4870-A143-44BFFB1F22AB}.Debug|Any CPU.Build.0 = Debug|Any CPU
		{48927B67-CA36-4870-A143-44BFFB1F22AB}.Release|Any CPU.ActiveCfg = Release|Any CPU
		{48927B67-CA36-4870-A143-44BFFB1F22AB}.Release|Any CPU.Build.0 = Release|Any CPU
		{3C36C806-2E45-4DA4-8C86-ECF5C2C1151D}.Debug|Any CPU.ActiveCfg = Debug|Any CPU
		{3C36C806-2E45-4DA4-8C86-ECF5C2C1151D}.Debug|Any CPU.Build.0 = Debug|Any CPU
		{3C36C806-2E45-4DA4-8C86-ECF5C2C1151D}.Release|Any CPU.ActiveCfg = Release|Any CPU
		{3C36C806-2E45-4DA4-8C86-ECF5C2C1151D}.Release|Any CPU.Build.0 = Release|Any CPU
		{A3AA1A20-6D79-475E-94F9-3ECDF5366915}.Debug|Any CPU.ActiveCfg = Debug|Any CPU
		{A3AA1A20-6D79-475E-94F9-3ECDF5366915}.Debug|Any CPU.Build.0 = Debug|Any CPU
		{A3AA1A20-6D79-475E-94F9-3ECDF5366915}.Release|Any CPU.ActiveCfg = Release|Any CPU
		{A3AA1A20-6D79-475E-94F9-3ECDF5366915}.Release|Any CPU.Build.0 = Release|Any CPU
		{053FC329-BC5C-48AE-BA64-E7CC8AD1769D}.Debug|Any CPU.ActiveCfg = Debug|Any CPU
		{053FC329-BC5C-48AE-BA64-E7CC8AD1769D}.Debug|Any CPU.Build.0 = Debug|Any CPU
		{053FC329-BC5C-48AE-BA64-E7CC8AD1769D}.Release|Any CPU.ActiveCfg = Release|Any CPU
		{053FC329-BC5C-48AE-BA64-E7CC8AD1769D}.Release|Any CPU.Build.0 = Release|Any CPU
		{7827F971-ED39-4FFA-ABBD-4B6592B3478A}.Debug|Any CPU.ActiveCfg = Debug|Any CPU
		{7827F971-ED39-4FFA-ABBD-4B6592B3478A}.Debug|Any CPU.Build.0 = Debug|Any CPU
		{7827F971-ED39-4FFA-ABBD-4B6592B3478A}.Release|Any CPU.ActiveCfg = Release|Any CPU
		{7827F971-ED39-4FFA-ABBD-4B6592B3478A}.Release|Any CPU.Build.0 = Release|Any CPU
		{50DCFAE0-093B-4B73-B097-DB0D8B3B0E7E}.Debug|Any CPU.ActiveCfg = Debug|Any CPU
		{50DCFAE0-093B-4B73-B097-DB0D8B3B0E7E}.Debug|Any CPU.Build.0 = Debug|Any CPU
		{50DCFAE0-093B-4B73-B097-DB0D8B3B0E7E}.Release|Any CPU.ActiveCfg = Release|Any CPU
		{50DCFAE0-093B-4B73-B097-DB0D8B3B0E7E}.Release|Any CPU.Build.0 = Release|Any CPU
		{05208CE8-ACA0-49D5-9E51-BADF6D73B499}.Debug|Any CPU.ActiveCfg = Debug|Any CPU
		{05208CE8-ACA0-49D5-9E51-BADF6D73B499}.Debug|Any CPU.Build.0 = Debug|Any CPU
		{05208CE8-ACA0-49D5-9E51-BADF6D73B499}.Release|Any CPU.ActiveCfg = Release|Any CPU
		{05208CE8-ACA0-49D5-9E51-BADF6D73B499}.Release|Any CPU.Build.0 = Release|Any CPU
		{7773E0CA-4150-43A2-A092-42C005FC6BC3}.Debug|Any CPU.ActiveCfg = Debug|Any CPU
		{7773E0CA-4150-43A2-A092-42C005FC6BC3}.Debug|Any CPU.Build.0 = Debug|Any CPU
		{7773E0CA-4150-43A2-A092-42C005FC6BC3}.Release|Any CPU.ActiveCfg = Release|Any CPU
		{7773E0CA-4150-43A2-A092-42C005FC6BC3}.Release|Any CPU.Build.0 = Release|Any CPU
		{19539A52-0306-4EEA-A103-9672308FE47E}.Debug|Any CPU.ActiveCfg = Debug|Any CPU
		{19539A52-0306-4EEA-A103-9672308FE47E}.Debug|Any CPU.Build.0 = Debug|Any CPU
		{19539A52-0306-4EEA-A103-9672308FE47E}.Release|Any CPU.ActiveCfg = Release|Any CPU
		{19539A52-0306-4EEA-A103-9672308FE47E}.Release|Any CPU.Build.0 = Release|Any CPU
		{F909DE36-4094-4F79-AD85-C85C07DFFE77}.Debug|Any CPU.ActiveCfg = Debug|Any CPU
		{F909DE36-4094-4F79-AD85-C85C07DFFE77}.Debug|Any CPU.Build.0 = Debug|Any CPU
		{F909DE36-4094-4F79-AD85-C85C07DFFE77}.Release|Any CPU.ActiveCfg = Release|Any CPU
		{F909DE36-4094-4F79-AD85-C85C07DFFE77}.Release|Any CPU.Build.0 = Release|Any CPU
		{7B95F246-E2D6-4B7B-AB94-09E09BFA1ABA}.Debug|Any CPU.ActiveCfg = Debug|Any CPU
		{7B95F246-E2D6-4B7B-AB94-09E09BFA1ABA}.Debug|Any CPU.Build.0 = Debug|Any CPU
		{7B95F246-E2D6-4B7B-AB94-09E09BFA1ABA}.Release|Any CPU.ActiveCfg = Release|Any CPU
		{7B95F246-E2D6-4B7B-AB94-09E09BFA1ABA}.Release|Any CPU.Build.0 = Release|Any CPU
		{EE26A284-F721-4941-93BC-1EB3F1685A71}.Debug|Any CPU.ActiveCfg = Debug|Any CPU
		{EE26A284-F721-4941-93BC-1EB3F1685A71}.Debug|Any CPU.Build.0 = Debug|Any CPU
		{EE26A284-F721-4941-93BC-1EB3F1685A71}.Release|Any CPU.ActiveCfg = Release|Any CPU
		{EE26A284-F721-4941-93BC-1EB3F1685A71}.Release|Any CPU.Build.0 = Release|Any CPU
		{47E49A5D-1F4F-4B08-8D8B-AD2EF6526F0C}.Debug|Any CPU.ActiveCfg = Debug|Any CPU
		{47E49A5D-1F4F-4B08-8D8B-AD2EF6526F0C}.Debug|Any CPU.Build.0 = Debug|Any CPU
		{47E49A5D-1F4F-4B08-8D8B-AD2EF6526F0C}.Release|Any CPU.ActiveCfg = Release|Any CPU
		{47E49A5D-1F4F-4B08-8D8B-AD2EF6526F0C}.Release|Any CPU.Build.0 = Release|Any CPU
		{91C59BC0-6CFB-40C4-AEBB-DBB38F359C8C}.Debug|Any CPU.ActiveCfg = Debug|Any CPU
		{91C59BC0-6CFB-40C4-AEBB-DBB38F359C8C}.Debug|Any CPU.Build.0 = Debug|Any CPU
		{91C59BC0-6CFB-40C4-AEBB-DBB38F359C8C}.Release|Any CPU.ActiveCfg = Release|Any CPU
		{91C59BC0-6CFB-40C4-AEBB-DBB38F359C8C}.Release|Any CPU.Build.0 = Release|Any CPU
		{F522A05A-933F-4443-B852-BB6D9B884D44}.Debug|Any CPU.ActiveCfg = Debug|Any CPU
		{F522A05A-933F-4443-B852-BB6D9B884D44}.Debug|Any CPU.Build.0 = Debug|Any CPU
		{F522A05A-933F-4443-B852-BB6D9B884D44}.Release|Any CPU.ActiveCfg = Release|Any CPU
		{F522A05A-933F-4443-B852-BB6D9B884D44}.Release|Any CPU.Build.0 = Release|Any CPU
		{D5B2D1BA-DCE7-439F-9A7A-2AAA2DFEADAB}.Debug|Any CPU.ActiveCfg = Debug|Any CPU
		{D5B2D1BA-DCE7-439F-9A7A-2AAA2DFEADAB}.Debug|Any CPU.Build.0 = Debug|Any CPU
		{D5B2D1BA-DCE7-439F-9A7A-2AAA2DFEADAB}.Release|Any CPU.ActiveCfg = Release|Any CPU
		{D5B2D1BA-DCE7-439F-9A7A-2AAA2DFEADAB}.Release|Any CPU.Build.0 = Release|Any CPU
		{AEDA9A38-02A5-4C98-930B-32EA220DE390}.Debug|Any CPU.ActiveCfg = Debug|Any CPU
		{AEDA9A38-02A5-4C98-930B-32EA220DE390}.Debug|Any CPU.Build.0 = Debug|Any CPU
		{AEDA9A38-02A5-4C98-930B-32EA220DE390}.Release|Any CPU.ActiveCfg = Release|Any CPU
		{AEDA9A38-02A5-4C98-930B-32EA220DE390}.Release|Any CPU.Build.0 = Release|Any CPU
		{19AC2136-EBD2-4DDF-8929-E39A21618AAB}.Debug|Any CPU.ActiveCfg = Debug|Any CPU
		{19AC2136-EBD2-4DDF-8929-E39A21618AAB}.Debug|Any CPU.Build.0 = Debug|Any CPU
		{19AC2136-EBD2-4DDF-8929-E39A21618AAB}.Release|Any CPU.ActiveCfg = Release|Any CPU
		{19AC2136-EBD2-4DDF-8929-E39A21618AAB}.Release|Any CPU.Build.0 = Release|Any CPU
		{1F825109-E312-4624-8401-B93D61CD7C9E}.Debug|Any CPU.ActiveCfg = Debug|Any CPU
		{1F825109-E312-4624-8401-B93D61CD7C9E}.Debug|Any CPU.Build.0 = Debug|Any CPU
		{1F825109-E312-4624-8401-B93D61CD7C9E}.Release|Any CPU.ActiveCfg = Release|Any CPU
		{1F825109-E312-4624-8401-B93D61CD7C9E}.Release|Any CPU.Build.0 = Release|Any CPU
		{C1B245BF-7506-42F5-BE88-B6A1D5B8377A}.Debug|Any CPU.ActiveCfg = Debug|Any CPU
		{C1B245BF-7506-42F5-BE88-B6A1D5B8377A}.Debug|Any CPU.Build.0 = Debug|Any CPU
		{C1B245BF-7506-42F5-BE88-B6A1D5B8377A}.Release|Any CPU.ActiveCfg = Release|Any CPU
		{C1B245BF-7506-42F5-BE88-B6A1D5B8377A}.Release|Any CPU.Build.0 = Release|Any CPU
		{31D174DE-8517-4FCE-B68B-5BB8271A40ED}.Debug|Any CPU.ActiveCfg = Debug|Any CPU
		{31D174DE-8517-4FCE-B68B-5BB8271A40ED}.Debug|Any CPU.Build.0 = Debug|Any CPU
		{31D174DE-8517-4FCE-B68B-5BB8271A40ED}.Release|Any CPU.ActiveCfg = Release|Any CPU
		{31D174DE-8517-4FCE-B68B-5BB8271A40ED}.Release|Any CPU.Build.0 = Release|Any CPU
		{4810BA1D-7170-4EF6-805E-94F565506D96}.Debug|Any CPU.ActiveCfg = Debug|Any CPU
		{4810BA1D-7170-4EF6-805E-94F565506D96}.Debug|Any CPU.Build.0 = Debug|Any CPU
		{4810BA1D-7170-4EF6-805E-94F565506D96}.Release|Any CPU.ActiveCfg = Release|Any CPU
		{4810BA1D-7170-4EF6-805E-94F565506D96}.Release|Any CPU.Build.0 = Release|Any CPU
		{EBFE26BE-C301-44F6-976C-8B0D8DB13B28}.Debug|Any CPU.ActiveCfg = Debug|Any CPU
		{EBFE26BE-C301-44F6-976C-8B0D8DB13B28}.Debug|Any CPU.Build.0 = Debug|Any CPU
		{EBFE26BE-C301-44F6-976C-8B0D8DB13B28}.Release|Any CPU.ActiveCfg = Release|Any CPU
		{EBFE26BE-C301-44F6-976C-8B0D8DB13B28}.Release|Any CPU.Build.0 = Release|Any CPU
	EndGlobalSection
EndGlobal
